// !$*UTF8*$!
{
	archiveVersion = 1;
	classes = {
	};
	objectVersion = 46;
	objects = {

/* Begin PBXBuildFile section */
		3EA13A901BEBDA0600E2B70F /* AppDelegate.swift in Sources */ = {isa = PBXBuildFile; fileRef = 3EA13A8F1BEBDA0600E2B70F /* AppDelegate.swift */; };
		3EA13A921BEBDA0600E2B70F /* ImageViewController.swift in Sources */ = {isa = PBXBuildFile; fileRef = 3EA13A911BEBDA0600E2B70F /* ImageViewController.swift */; };
		3EA13A951BEBDA0600E2B70F /* Main.storyboard in Resources */ = {isa = PBXBuildFile; fileRef = 3EA13A931BEBDA0600E2B70F /* Main.storyboard */; };
		3EA13A9A1BEBDA0600E2B70F /* LaunchScreen.storyboard in Resources */ = {isa = PBXBuildFile; fileRef = 3EA13A981BEBDA0600E2B70F /* LaunchScreen.storyboard */; };
		3EA13AAD1BEBDA9500E2B70F /* Scribblable.swift in Sources */ = {isa = PBXBuildFile; fileRef = 3EA13AAA1BEBDA9500E2B70F /* Scribblable.swift */; };
		3EA13AAE1BEBDA9500E2B70F /* UIBezierPathExtension.swift in Sources */ = {isa = PBXBuildFile; fileRef = 3EA13AAC1BEBDA9500E2B70F /* UIBezierPathExtension.swift */; };
		D7135FD91DA75E07003FA1C1 /* VideoRecorderViewController.swift in Sources */ = {isa = PBXBuildFile; fileRef = D7135FD81DA75E07003FA1C1 /* VideoRecorderViewController.swift */; };
		D7135FDB1DA75FD0003FA1C1 /* PreviewView.swift in Sources */ = {isa = PBXBuildFile; fileRef = D7135FDA1DA75FD0003FA1C1 /* PreviewView.swift */; };
		D7135FDD1DA7600F003FA1C1 /* PhotoCaptureDelegate.swift in Sources */ = {isa = PBXBuildFile; fileRef = D7135FDC1DA7600F003FA1C1 /* PhotoCaptureDelegate.swift */; };
		D7135FDF1DA76032003FA1C1 /* VideoViewController.swift in Sources */ = {isa = PBXBuildFile; fileRef = D7135FDE1DA76032003FA1C1 /* VideoViewController.swift */; };
		D7135FE31DA76A2A003FA1C1 /* ImageRequestsTableViewController.swift in Sources */ = {isa = PBXBuildFile; fileRef = D7135FE21DA76A2A003FA1C1 /* ImageRequestsTableViewController.swift */; };
		D7135FE51DA78456003FA1C1 /* MailboxViewController.swift in Sources */ = {isa = PBXBuildFile; fileRef = D7135FE41DA78456003FA1C1 /* MailboxViewController.swift */; };
		D7135FE71DA7848E003FA1C1 /* MailboxTableViewCell.swift in Sources */ = {isa = PBXBuildFile; fileRef = D7135FE61DA7848E003FA1C1 /* MailboxTableViewCell.swift */; };
		D7135FF41DA7AC4A003FA1C1 /* Alamofire.framework in Frameworks */ = {isa = PBXBuildFile; fileRef = D7135FF11DA7AC4A003FA1C1 /* Alamofire.framework */; };
		D7135FF51DA7AC4A003FA1C1 /* Alamofire.framework in Embed Frameworks */ = {isa = PBXBuildFile; fileRef = D7135FF11DA7AC4A003FA1C1 /* Alamofire.framework */; settings = {ATTRIBUTES = (CodeSignOnCopy, RemoveHeadersOnCopy, ); }; };
		D7135FF61DA7AC4A003FA1C1 /* KeychainSwift.framework in Frameworks */ = {isa = PBXBuildFile; fileRef = D7135FF21DA7AC4A003FA1C1 /* KeychainSwift.framework */; };
		D7135FF71DA7AC4A003FA1C1 /* KeychainSwift.framework in Embed Frameworks */ = {isa = PBXBuildFile; fileRef = D7135FF21DA7AC4A003FA1C1 /* KeychainSwift.framework */; settings = {ATTRIBUTES = (CodeSignOnCopy, RemoveHeadersOnCopy, ); }; };
		D7135FF81DA7AC4A003FA1C1 /* SwiftyJSON.framework in Frameworks */ = {isa = PBXBuildFile; fileRef = D7135FF31DA7AC4A003FA1C1 /* SwiftyJSON.framework */; };
		D7135FF91DA7AC4A003FA1C1 /* SwiftyJSON.framework in Embed Frameworks */ = {isa = PBXBuildFile; fileRef = D7135FF31DA7AC4A003FA1C1 /* SwiftyJSON.framework */; settings = {ATTRIBUTES = (CodeSignOnCopy, RemoveHeadersOnCopy, ); }; };
		D736B7251DAD12AF00E28419 /* SendMessageViewController.swift in Sources */ = {isa = PBXBuildFile; fileRef = D736B7241DAD12AF00E28419 /* SendMessageViewController.swift */; };
		D73C2F121DA2774C00A113F1 /* LoginViewController.swift in Sources */ = {isa = PBXBuildFile; fileRef = D73C2F111DA2774C00A113F1 /* LoginViewController.swift */; };
		D73CFAEB1D994B49004DFE91 /* HomeViewController.swift in Sources */ = {isa = PBXBuildFile; fileRef = D73CFAEA1D994B49004DFE91 /* HomeViewController.swift */; };
		D749E2561D997EA100F15DE3 /* CameraViewController.swift in Sources */ = {isa = PBXBuildFile; fileRef = D749E2551D997EA100F15DE3 /* CameraViewController.swift */; };
		D749E2581D9982B900F15DE3 /* CameraManager.framework in Frameworks */ = {isa = PBXBuildFile; fileRef = D749E2571D9982B900F15DE3 /* CameraManager.framework */; };
		D749E2591D9982B900F15DE3 /* CameraManager.framework in Embed Frameworks */ = {isa = PBXBuildFile; fileRef = D749E2571D9982B900F15DE3 /* CameraManager.framework */; settings = {ATTRIBUTES = (CodeSignOnCopy, RemoveHeadersOnCopy, ); }; };
		D77B6EA11DA66A20000AF300 /* Assets.xcassets in Resources */ = {isa = PBXBuildFile; fileRef = D77B6EA01DA66A20000AF300 /* Assets.xcassets */; };
		D790C8431D9A8691005791C9 /* Common.swift in Sources */ = {isa = PBXBuildFile; fileRef = D790C8421D9A8691005791C9 /* Common.swift */; };
		D7EFD4FD1DB678DC0027C490 /* VideoRequestsTableViewController.swift in Sources */ = {isa = PBXBuildFile; fileRef = D7EFD4FC1DB678DC0027C490 /* VideoRequestsTableViewController.swift */; };
/* End PBXBuildFile section */

/* Begin PBXCopyFilesBuildPhase section */
		D749E25A1D9982B900F15DE3 /* Embed Frameworks */ = {
			isa = PBXCopyFilesBuildPhase;
			buildActionMask = 2147483647;
			dstPath = "";
			dstSubfolderSpec = 10;
			files = (
				D7135FF91DA7AC4A003FA1C1 /* SwiftyJSON.framework in Embed Frameworks */,
				D7135FF71DA7AC4A003FA1C1 /* KeychainSwift.framework in Embed Frameworks */,
				D749E2591D9982B900F15DE3 /* CameraManager.framework in Embed Frameworks */,
				D7135FF51DA7AC4A003FA1C1 /* Alamofire.framework in Embed Frameworks */,
			);
			name = "Embed Frameworks";
			runOnlyForDeploymentPostprocessing = 0;
		};
/* End PBXCopyFilesBuildPhase section */

/* Begin PBXFileReference section */
		3EA13A8C1BEBDA0600E2B70F /* Celebgrams.app */ = {isa = PBXFileReference; explicitFileType = wrapper.application; includeInIndex = 0; path = Celebgrams.app; sourceTree = BUILT_PRODUCTS_DIR; };
		3EA13A8F1BEBDA0600E2B70F /* AppDelegate.swift */ = {isa = PBXFileReference; lastKnownFileType = sourcecode.swift; path = AppDelegate.swift; sourceTree = "<group>"; };
		3EA13A911BEBDA0600E2B70F /* ImageViewController.swift */ = {isa = PBXFileReference; lastKnownFileType = sourcecode.swift; path = ImageViewController.swift; sourceTree = "<group>"; };
		3EA13A941BEBDA0600E2B70F /* Base */ = {isa = PBXFileReference; lastKnownFileType = file.storyboard; name = Base; path = Base.lproj/Main.storyboard; sourceTree = "<group>"; };
		3EA13A991BEBDA0600E2B70F /* Base */ = {isa = PBXFileReference; lastKnownFileType = file.storyboard; name = Base; path = Base.lproj/LaunchScreen.storyboard; sourceTree = "<group>"; };
		3EA13A9B1BEBDA0600E2B70F /* Info.plist */ = {isa = PBXFileReference; lastKnownFileType = text.plist.xml; path = Info.plist; sourceTree = "<group>"; };
		3EA13AAA1BEBDA9500E2B70F /* Scribblable.swift */ = {isa = PBXFileReference; fileEncoding = 4; lastKnownFileType = sourcecode.swift; path = Scribblable.swift; sourceTree = "<group>"; };
		3EA13AAC1BEBDA9500E2B70F /* UIBezierPathExtension.swift */ = {isa = PBXFileReference; fileEncoding = 4; lastKnownFileType = sourcecode.swift; path = UIBezierPathExtension.swift; sourceTree = "<group>"; };
		D7135FD81DA75E07003FA1C1 /* VideoRecorderViewController.swift */ = {isa = PBXFileReference; fileEncoding = 4; lastKnownFileType = sourcecode.swift; path = VideoRecorderViewController.swift; sourceTree = "<group>"; };
		D7135FDA1DA75FD0003FA1C1 /* PreviewView.swift */ = {isa = PBXFileReference; fileEncoding = 4; lastKnownFileType = sourcecode.swift; path = PreviewView.swift; sourceTree = "<group>"; };
		D7135FDC1DA7600F003FA1C1 /* PhotoCaptureDelegate.swift */ = {isa = PBXFileReference; fileEncoding = 4; lastKnownFileType = sourcecode.swift; path = PhotoCaptureDelegate.swift; sourceTree = "<group>"; };
		D7135FDE1DA76032003FA1C1 /* VideoViewController.swift */ = {isa = PBXFileReference; fileEncoding = 4; lastKnownFileType = sourcecode.swift; path = VideoViewController.swift; sourceTree = "<group>"; };
		D7135FE21DA76A2A003FA1C1 /* ImageRequestsTableViewController.swift */ = {isa = PBXFileReference; fileEncoding = 4; lastKnownFileType = sourcecode.swift; path = ImageRequestsTableViewController.swift; sourceTree = "<group>"; };
		D7135FE41DA78456003FA1C1 /* MailboxViewController.swift */ = {isa = PBXFileReference; fileEncoding = 4; lastKnownFileType = sourcecode.swift; path = MailboxViewController.swift; sourceTree = "<group>"; };
		D7135FE61DA7848E003FA1C1 /* MailboxTableViewCell.swift */ = {isa = PBXFileReference; fileEncoding = 4; lastKnownFileType = sourcecode.swift; path = MailboxTableViewCell.swift; sourceTree = "<group>"; };
		D7135FF11DA7AC4A003FA1C1 /* Alamofire.framework */ = {isa = PBXFileReference; lastKnownFileType = wrapper.framework; name = Alamofire.framework; path = Carthage/Build/iOS/Alamofire.framework; sourceTree = "<group>"; };
		D7135FF21DA7AC4A003FA1C1 /* KeychainSwift.framework */ = {isa = PBXFileReference; lastKnownFileType = wrapper.framework; name = KeychainSwift.framework; path = Carthage/Build/iOS/KeychainSwift.framework; sourceTree = "<group>"; };
		D7135FF31DA7AC4A003FA1C1 /* SwiftyJSON.framework */ = {isa = PBXFileReference; lastKnownFileType = wrapper.framework; name = SwiftyJSON.framework; path = Carthage/Build/iOS/SwiftyJSON.framework; sourceTree = "<group>"; };
		D736B7241DAD12AF00E28419 /* SendMessageViewController.swift */ = {isa = PBXFileReference; fileEncoding = 4; lastKnownFileType = sourcecode.swift; path = SendMessageViewController.swift; sourceTree = "<group>"; };
		D73C2F111DA2774C00A113F1 /* LoginViewController.swift */ = {isa = PBXFileReference; fileEncoding = 4; lastKnownFileType = sourcecode.swift; name = LoginViewController.swift; path = components/LoginViewController.swift; sourceTree = "<group>"; };
		D73CFAEA1D994B49004DFE91 /* HomeViewController.swift */ = {isa = PBXFileReference; fileEncoding = 4; lastKnownFileType = sourcecode.swift; name = HomeViewController.swift; path = components/HomeViewController.swift; sourceTree = "<group>"; };
		D749E2531D997CCD00F15DE3 /* CameraManager.framework */ = {isa = PBXFileReference; lastKnownFileType = wrapper.framework; name = CameraManager.framework; path = Carthage/Build/iOS/CameraManager.framework; sourceTree = "<group>"; };
		D749E2551D997EA100F15DE3 /* CameraViewController.swift */ = {isa = PBXFileReference; fileEncoding = 4; lastKnownFileType = sourcecode.swift; path = CameraViewController.swift; sourceTree = "<group>"; };
		D749E2571D9982B900F15DE3 /* CameraManager.framework */ = {isa = PBXFileReference; lastKnownFileType = wrapper.framework; name = CameraManager.framework; path = Carthage/Build/iOS/CameraManager.framework; sourceTree = "<group>"; };
		D77B6EA01DA66A20000AF300 /* Assets.xcassets */ = {isa = PBXFileReference; lastKnownFileType = folder.assetcatalog; path = Assets.xcassets; sourceTree = "<group>"; };
		D790C8421D9A8691005791C9 /* Common.swift */ = {isa = PBXFileReference; fileEncoding = 4; lastKnownFileType = sourcecode.swift; path = Common.swift; sourceTree = "<group>"; };
		D7EFD4F81DB66EEA0027C490 /* AvenirNextLTPro-Regular.otf */ = {isa = PBXFileReference; lastKnownFileType = file; path = "AvenirNextLTPro-Regular.otf"; sourceTree = "<group>"; };
		D7EFD4FB1DB676D50027C490 /* AvenirNextLTPro-Demi.otf */ = {isa = PBXFileReference; lastKnownFileType = file; path = "AvenirNextLTPro-Demi.otf"; sourceTree = "<group>"; };
		D7EFD4FC1DB678DC0027C490 /* VideoRequestsTableViewController.swift */ = {isa = PBXFileReference; fileEncoding = 4; lastKnownFileType = sourcecode.swift; path = VideoRequestsTableViewController.swift; sourceTree = "<group>"; };
/* End PBXFileReference section */

/* Begin PBXFrameworksBuildPhase section */
		3EA13A891BEBDA0600E2B70F /* Frameworks */ = {
			isa = PBXFrameworksBuildPhase;
			buildActionMask = 2147483647;
			files = (
				D7135FF81DA7AC4A003FA1C1 /* SwiftyJSON.framework in Frameworks */,
				D7135FF61DA7AC4A003FA1C1 /* KeychainSwift.framework in Frameworks */,
				D749E2581D9982B900F15DE3 /* CameraManager.framework in Frameworks */,
				D7135FF41DA7AC4A003FA1C1 /* Alamofire.framework in Frameworks */,
			);
			runOnlyForDeploymentPostprocessing = 0;
		};
/* End PBXFrameworksBuildPhase section */

/* Begin PBXGroup section */
		3EA13A831BEBDA0600E2B70F = {
			isa = PBXGroup;
			children = (
				D7135FF11DA7AC4A003FA1C1 /* Alamofire.framework */,
				D7135FF21DA7AC4A003FA1C1 /* KeychainSwift.framework */,
				D7135FF31DA7AC4A003FA1C1 /* SwiftyJSON.framework */,
				D7135FE41DA78456003FA1C1 /* MailboxViewController.swift */,
				D7EFD4F91DB676830027C490 /* resources */,
				D7135FE61DA7848E003FA1C1 /* MailboxTableViewCell.swift */,
				D790C8421D9A8691005791C9 /* Common.swift */,
				D749E2571D9982B900F15DE3 /* CameraManager.framework */,
				3EA13A8E1BEBDA0600E2B70F /* Celebgrams */,
				3EA13A8D1BEBDA0600E2B70F /* Products */,
				D749E2521D997CCD00F15DE3 /* Frameworks */,
			);
			sourceTree = "<group>";
		};
		3EA13A8D1BEBDA0600E2B70F /* Products */ = {
			isa = PBXGroup;
			children = (
				3EA13A8C1BEBDA0600E2B70F /* Celebgrams.app */,
			);
			name = Products;
			sourceTree = "<group>";
		};
		3EA13A8E1BEBDA0600E2B70F /* Celebgrams */ = {
			isa = PBXGroup;
			children = (
				3EA13AA91BEBDA9500E2B70F /* components */,
				3EA13AAB1BEBDA9500E2B70F /* extensions */,
				3EA13A8F1BEBDA0600E2B70F /* AppDelegate.swift */,
				D7135FDC1DA7600F003FA1C1 /* PhotoCaptureDelegate.swift */,
				D7135FDE1DA76032003FA1C1 /* VideoViewController.swift */,
				D7135FD81DA75E07003FA1C1 /* VideoRecorderViewController.swift */,
				D7135FDA1DA75FD0003FA1C1 /* PreviewView.swift */,
				3EA13A911BEBDA0600E2B70F /* ImageViewController.swift */,
				3EA13A931BEBDA0600E2B70F /* Main.storyboard */,
				D7EFD4FC1DB678DC0027C490 /* VideoRequestsTableViewController.swift */,
				D736B7241DAD12AF00E28419 /* SendMessageViewController.swift */,
				D7135FE21DA76A2A003FA1C1 /* ImageRequestsTableViewController.swift */,
				D77B6EA01DA66A20000AF300 /* Assets.xcassets */,
				D73C2F111DA2774C00A113F1 /* LoginViewController.swift */,
				D749E2551D997EA100F15DE3 /* CameraViewController.swift */,
				D73CFAEA1D994B49004DFE91 /* HomeViewController.swift */,
				3EA13A981BEBDA0600E2B70F /* LaunchScreen.storyboard */,
				3EA13A9B1BEBDA0600E2B70F /* Info.plist */,
			);
			name = Celebgrams;
			path = SmoothScribble;
			sourceTree = "<group>";
		};
		3EA13AA91BEBDA9500E2B70F /* components */ = {
			isa = PBXGroup;
			children = (
				3EA13AAA1BEBDA9500E2B70F /* Scribblable.swift */,
			);
			path = components;
			sourceTree = "<group>";
		};
		3EA13AAB1BEBDA9500E2B70F /* extensions */ = {
			isa = PBXGroup;
			children = (
				3EA13AAC1BEBDA9500E2B70F /* UIBezierPathExtension.swift */,
			);
			path = extensions;
			sourceTree = "<group>";
		};
		D749E2521D997CCD00F15DE3 /* Frameworks */ = {
			isa = PBXGroup;
			children = (
				D749E2531D997CCD00F15DE3 /* CameraManager.framework */,
			);
			name = Frameworks;
			sourceTree = "<group>";
		};
		D7EFD4F91DB676830027C490 /* resources */ = {
			isa = PBXGroup;
			children = (
				D7EFD4F81DB66EEA0027C490 /* AvenirNextLTPro-Regular.otf */,
				D7EFD4FB1DB676D50027C490 /* AvenirNextLTPro-Demi.otf */,
			);
			name = resources;
			sourceTree = "<group>";
		};
/* End PBXGroup section */

/* Begin PBXNativeTarget section */
		3EA13A8B1BEBDA0600E2B70F /* Celebgrams */ = {
			isa = PBXNativeTarget;
			buildConfigurationList = 3EA13A9E1BEBDA0600E2B70F /* Build configuration list for PBXNativeTarget "Celebgrams" */;
			buildPhases = (
				3EA13A881BEBDA0600E2B70F /* Sources */,
				3EA13A891BEBDA0600E2B70F /* Frameworks */,
				3EA13A8A1BEBDA0600E2B70F /* Resources */,
				D749E25A1D9982B900F15DE3 /* Embed Frameworks */,
			);
			buildRules = (
			);
			dependencies = (
			);
			name = Celebgrams;
			productName = SmoothScribble;
			productReference = 3EA13A8C1BEBDA0600E2B70F /* Celebgrams.app */;
			productType = "com.apple.product-type.application";
		};
/* End PBXNativeTarget section */

/* Begin PBXProject section */
		3EA13A841BEBDA0600E2B70F /* Project object */ = {
			isa = PBXProject;
			attributes = {
				LastSwiftUpdateCheck = 0710;
				LastUpgradeCheck = 0800;
				ORGANIZATIONNAME = "Simon Gladman";
				TargetAttributes = {
					3EA13A8B1BEBDA0600E2B70F = {
						CreatedOnToolsVersion = 7.1;
						DevelopmentTeam = 7MT8RS6AZ8;
						LastSwiftMigration = 0800;
					};
				};
			};
			buildConfigurationList = 3EA13A871BEBDA0600E2B70F /* Build configuration list for PBXProject "Celebgrams" */;
			compatibilityVersion = "Xcode 3.2";
			developmentRegion = English;
			hasScannedForEncodings = 0;
			knownRegions = (
				en,
				Base,
			);
			mainGroup = 3EA13A831BEBDA0600E2B70F;
			productRefGroup = 3EA13A8D1BEBDA0600E2B70F /* Products */;
			projectDirPath = "";
			projectRoot = "";
			targets = (
				3EA13A8B1BEBDA0600E2B70F /* Celebgrams */,
			);
		};
/* End PBXProject section */

/* Begin PBXResourcesBuildPhase section */
		3EA13A8A1BEBDA0600E2B70F /* Resources */ = {
			isa = PBXResourcesBuildPhase;
			buildActionMask = 2147483647;
			files = (
				3EA13A9A1BEBDA0600E2B70F /* LaunchScreen.storyboard in Resources */,
				D77B6EA11DA66A20000AF300 /* Assets.xcassets in Resources */,
				3EA13A951BEBDA0600E2B70F /* Main.storyboard in Resources */,
			);
			runOnlyForDeploymentPostprocessing = 0;
		};
/* End PBXResourcesBuildPhase section */

/* Begin PBXSourcesBuildPhase section */
		3EA13A881BEBDA0600E2B70F /* Sources */ = {
			isa = PBXSourcesBuildPhase;
			buildActionMask = 2147483647;
			files = (
				D7135FD91DA75E07003FA1C1 /* VideoRecorderViewController.swift in Sources */,
				D7135FE51DA78456003FA1C1 /* MailboxViewController.swift in Sources */,
				D73CFAEB1D994B49004DFE91 /* HomeViewController.swift in Sources */,
				D7135FDF1DA76032003FA1C1 /* VideoViewController.swift in Sources */,
				3EA13A921BEBDA0600E2B70F /* ImageViewController.swift in Sources */,
				D7EFD4FD1DB678DC0027C490 /* VideoRequestsTableViewController.swift in Sources */,
				3EA13A901BEBDA0600E2B70F /* AppDelegate.swift in Sources */,
				3EA13AAD1BEBDA9500E2B70F /* Scribblable.swift in Sources */,
				D7135FDB1DA75FD0003FA1C1 /* PreviewView.swift in Sources */,
				D736B7251DAD12AF00E28419 /* SendMessageViewController.swift in Sources */,
				D7135FDD1DA7600F003FA1C1 /* PhotoCaptureDelegate.swift in Sources */,
				D73C2F121DA2774C00A113F1 /* LoginViewController.swift in Sources */,
				3EA13AAE1BEBDA9500E2B70F /* UIBezierPathExtension.swift in Sources */,
				D7135FE71DA7848E003FA1C1 /* MailboxTableViewCell.swift in Sources */,
				D749E2561D997EA100F15DE3 /* CameraViewController.swift in Sources */,
				D790C8431D9A8691005791C9 /* Common.swift in Sources */,
				D7135FE31DA76A2A003FA1C1 /* ImageRequestsTableViewController.swift in Sources */,
			);
			runOnlyForDeploymentPostprocessing = 0;
		};
/* End PBXSourcesBuildPhase section */

/* Begin PBXVariantGroup section */
		3EA13A931BEBDA0600E2B70F /* Main.storyboard */ = {
			isa = PBXVariantGroup;
			children = (
				3EA13A941BEBDA0600E2B70F /* Base */,
			);
			name = Main.storyboard;
			sourceTree = "<group>";
		};
		3EA13A981BEBDA0600E2B70F /* LaunchScreen.storyboard */ = {
			isa = PBXVariantGroup;
			children = (
				3EA13A991BEBDA0600E2B70F /* Base */,
			);
			name = LaunchScreen.storyboard;
			sourceTree = "<group>";
		};
/* End PBXVariantGroup section */

/* Begin XCBuildConfiguration section */
		3EA13A9C1BEBDA0600E2B70F /* Debug */ = {
			isa = XCBuildConfiguration;
			buildSettings = {
				ALWAYS_SEARCH_USER_PATHS = NO;
				CLANG_CXX_LANGUAGE_STANDARD = "gnu++0x";
				CLANG_CXX_LIBRARY = "libc++";
				CLANG_ENABLE_MODULES = YES;
				CLANG_ENABLE_OBJC_ARC = YES;
				CLANG_WARN_BOOL_CONVERSION = YES;
				CLANG_WARN_CONSTANT_CONVERSION = YES;
				CLANG_WARN_DIRECT_OBJC_ISA_USAGE = YES_ERROR;
				CLANG_WARN_EMPTY_BODY = YES;
				CLANG_WARN_ENUM_CONVERSION = YES;
				CLANG_WARN_INFINITE_RECURSION = YES;
				CLANG_WARN_INT_CONVERSION = YES;
				CLANG_WARN_OBJC_ROOT_CLASS = YES_ERROR;
				CLANG_WARN_SUSPICIOUS_MOVE = YES;
				CLANG_WARN_UNREACHABLE_CODE = YES;
				CLANG_WARN__DUPLICATE_METHOD_MATCH = YES;
				"CODE_SIGN_IDENTITY[sdk=iphoneos*]" = "iPhone Developer";
				COPY_PHASE_STRIP = NO;
				DEBUG_INFORMATION_FORMAT = dwarf;
				ENABLE_STRICT_OBJC_MSGSEND = YES;
				ENABLE_TESTABILITY = YES;
				GCC_C_LANGUAGE_STANDARD = gnu99;
				GCC_DYNAMIC_NO_PIC = NO;
				GCC_NO_COMMON_BLOCKS = YES;
				GCC_OPTIMIZATION_LEVEL = 0;
				GCC_PREPROCESSOR_DEFINITIONS = (
					"DEBUG=1",
					"$(inherited)",
				);
				GCC_WARN_64_TO_32_BIT_CONVERSION = YES;
				GCC_WARN_ABOUT_RETURN_TYPE = YES_ERROR;
				GCC_WARN_UNDECLARED_SELECTOR = YES;
				GCC_WARN_UNINITIALIZED_AUTOS = YES_AGGRESSIVE;
				GCC_WARN_UNUSED_FUNCTION = YES;
				GCC_WARN_UNUSED_VARIABLE = YES;
				IPHONEOS_DEPLOYMENT_TARGET = 9.1;
				MTL_ENABLE_DEBUG_INFO = YES;
				ONLY_ACTIVE_ARCH = YES;
				SDKROOT = iphoneos;
				SWIFT_OPTIMIZATION_LEVEL = "-Onone";
				TARGETED_DEVICE_FAMILY = "1,2";
			};
			name = Debug;
		};
		3EA13A9D1BEBDA0600E2B70F /* Release */ = {
			isa = XCBuildConfiguration;
			buildSettings = {
				ALWAYS_SEARCH_USER_PATHS = NO;
				CLANG_CXX_LANGUAGE_STANDARD = "gnu++0x";
				CLANG_CXX_LIBRARY = "libc++";
				CLANG_ENABLE_MODULES = YES;
				CLANG_ENABLE_OBJC_ARC = YES;
				CLANG_WARN_BOOL_CONVERSION = YES;
				CLANG_WARN_CONSTANT_CONVERSION = YES;
				CLANG_WARN_DIRECT_OBJC_ISA_USAGE = YES_ERROR;
				CLANG_WARN_EMPTY_BODY = YES;
				CLANG_WARN_ENUM_CONVERSION = YES;
				CLANG_WARN_INFINITE_RECURSION = YES;
				CLANG_WARN_INT_CONVERSION = YES;
				CLANG_WARN_OBJC_ROOT_CLASS = YES_ERROR;
				CLANG_WARN_SUSPICIOUS_MOVE = YES;
				CLANG_WARN_UNREACHABLE_CODE = YES;
				CLANG_WARN__DUPLICATE_METHOD_MATCH = YES;
				"CODE_SIGN_IDENTITY[sdk=iphoneos*]" = "iPhone Developer";
				COPY_PHASE_STRIP = NO;
				DEBUG_INFORMATION_FORMAT = "dwarf-with-dsym";
				ENABLE_NS_ASSERTIONS = NO;
				ENABLE_STRICT_OBJC_MSGSEND = YES;
				GCC_C_LANGUAGE_STANDARD = gnu99;
				GCC_NO_COMMON_BLOCKS = YES;
				GCC_WARN_64_TO_32_BIT_CONVERSION = YES;
				GCC_WARN_ABOUT_RETURN_TYPE = YES_ERROR;
				GCC_WARN_UNDECLARED_SELECTOR = YES;
				GCC_WARN_UNINITIALIZED_AUTOS = YES_AGGRESSIVE;
				GCC_WARN_UNUSED_FUNCTION = YES;
				GCC_WARN_UNUSED_VARIABLE = YES;
				IPHONEOS_DEPLOYMENT_TARGET = 9.1;
				MTL_ENABLE_DEBUG_INFO = NO;
				SDKROOT = iphoneos;
				SWIFT_OPTIMIZATION_LEVEL = "-Owholemodule";
				TARGETED_DEVICE_FAMILY = "1,2";
				VALIDATE_PRODUCT = YES;
			};
			name = Release;
		};
		3EA13A9F1BEBDA0600E2B70F /* Debug */ = {
			isa = XCBuildConfiguration;
			buildSettings = {
				ASSETCATALOG_COMPILER_APPICON_NAME = AppIcon;
				CODE_SIGN_IDENTITY = "iPhone Developer";
				"CODE_SIGN_IDENTITY[sdk=iphoneos*]" = "iPhone Developer";
				DEVELOPMENT_TEAM = 7MT8RS6AZ8;
				FRAMEWORK_SEARCH_PATHS = (
					"$(inherited)",
					"$(PROJECT_DIR)/Carthage/Build/iOS",
					"$(PROJECT_DIR)",
				);
				INFOPLIST_FILE = SmoothScribble/Info.plist;
				IPHONEOS_DEPLOYMENT_TARGET = 10.0;
				LD_RUNPATH_SEARCH_PATHS = "$(inherited) @executable_path/Frameworks";
				PRODUCT_BUNDLE_IDENTIFIER = com.celebgrams.www;
				PRODUCT_NAME = "$(TARGET_NAME)";
				PROVISIONING_PROFILE = "";
				SWIFT_VERSION = 3.0;
				TARGETED_DEVICE_FAMILY = 1;
			};
			name = Debug;
		};
		3EA13AA01BEBDA0600E2B70F /* Release */ = {
			isa = XCBuildConfiguration;
			buildSettings = {
				ASSETCATALOG_COMPILER_APPICON_NAME = AppIcon;
				CODE_SIGN_IDENTITY = "iPhone Developer";
				"CODE_SIGN_IDENTITY[sdk=iphoneos*]" = "iPhone Developer";
				DEVELOPMENT_TEAM = 7MT8RS6AZ8;
				FRAMEWORK_SEARCH_PATHS = (
					"$(inherited)",
					"$(PROJECT_DIR)/Carthage/Build/iOS",
					"$(PROJECT_DIR)",
				);
				INFOPLIST_FILE = SmoothScribble/Info.plist;
				IPHONEOS_DEPLOYMENT_TARGET = 10.0;
				LD_RUNPATH_SEARCH_PATHS = "$(inherited) @executable_path/Frameworks";
				PRODUCT_BUNDLE_IDENTIFIER = com.celebgrams.www;
				PRODUCT_NAME = "$(TARGET_NAME)";
				PROVISIONING_PROFILE = "";
				SWIFT_VERSION = 3.0;
				TARGETED_DEVICE_FAMILY = 1;
			};
			name = Release;
		};
/* End XCBuildConfiguration section */

/* Begin XCConfigurationList section */
		3EA13A871BEBDA0600E2B70F /* Build configuration list for PBXProject "Celebgrams" */ = {
			isa = XCConfigurationList;
			buildConfigurations = (
				3EA13A9C1BEBDA0600E2B70F /* Debug */,
				3EA13A9D1BEBDA0600E2B70F /* Release */,
			);
			defaultConfigurationIsVisible = 0;
			defaultConfigurationName = Release;
		};
		3EA13A9E1BEBDA0600E2B70F /* Build configuration list for PBXNativeTarget "Celebgrams" */ = {
			isa = XCConfigurationList;
			buildConfigurations = (
				3EA13A9F1BEBDA0600E2B70F /* Debug */,
				3EA13AA01BEBDA0600E2B70F /* Release */,
			);
			defaultConfigurationIsVisible = 0;
			defaultConfigurationName = Release;
		};
/* End XCConfigurationList section */
	};
	rootObject = 3EA13A841BEBDA0600E2B70F /* Project object */;
}
